
Microsoft Visual Studio Solution File, Format Version 12.00
# Visual Studio 14
VisualStudioVersion = 14.0.23107.0
MinimumVisualStudioVersion = 10.0.40219.1
Project("{FAE04EC0-301F-11D3-BF4B-00C04F79EFBC}") = "Russian", "Russian\Russian.csproj", "{889D2EDC-EDFF-46C4-9748-589DAED26231}"
EndProject
Project("{FAE04EC0-301F-11D3-BF4B-00C04F79EFBC}") = "DB", "DB\DB.csproj", "{299E6B19-15C8-4B13-9362-E3C6C6347711}"
EndProject
Project("{FAE04EC0-301F-11D3-BF4B-00C04F79EFBC}") = "LevelsLogic", "LevelsLogic\LevelsLogic.csproj", "{01FA09A0-C9E3-495D-85BD-E6BBFB150362}"
EndProject
Global
	GlobalSection(SolutionConfigurationPlatforms) = preSolution
		Debug|Any CPU = Debug|Any CPU
		Release|Any CPU = Release|Any CPU
	EndGlobalSection
	GlobalSection(ProjectConfigurationPlatforms) = postSolution
		{889D2EDC-EDFF-46C4-9748-589DAED26231}.Debug|Any CPU.ActiveCfg = Debug|Any CPU
		{889D2EDC-EDFF-46C4-9748-589DAED26231}.Debug|Any CPU.Build.0 = Debug|Any CPU
		{889D2EDC-EDFF-46C4-9748-589DAED26231}.Release|Any CPU.ActiveCfg = Release|Any CPU
		{889D2EDC-EDFF-46C4-9748-589DAED26231}.Release|Any CPU.Build.0 = Release|Any CPU
		{299E6B19-15C8-4B13-9362-E3C6C6347711}.Debug|Any CPU.ActiveCfg = Debug|Any CPU
		{299E6B19-15C8-4B13-9362-E3C6C6347711}.Debug|Any CPU.Build.0 = Debug|Any CPU
		{299E6B19-15C8-4B13-9362-E3C6C6347711}.Release|Any CPU.ActiveCfg = Release|Any CPU
		{299E6B19-15C8-4B13-9362-E3C6C6347711}.Release|Any CPU.Build.0 = Release|Any CPU
		{01FA09A0-C9E3-495D-85BD-E6BBFB150362}.Debug|Any CPU.ActiveCfg = Debug|Any CPU
		{01FA09A0-C9E3-495D-85BD-E6BBFB150362}.Debug|Any CPU.Build.0 = Debug|Any CPU
		{01FA09A0-C9E3-495D-85BD-E6BBFB150362}.Release|Any CPU.ActiveCfg = Release|Any CPU
		{01FA09A0-C9E3-495D-85BD-E6BBFB150362}.Release|Any CPU.Build.0 = Release|Any CPU
	EndGlobalSection
	GlobalSection(SolutionProperties) = preSolution
		HideSolutionNode = FALSE
	EndGlobalSection
EndGlobal
